<?xml version="1.0" encoding="utf-8"?>
<Project ToolsVersion="4.0" xmlns="http://schemas.microsoft.com/developer/msbuild/2003">
  <ItemGroup>
    <ClCompile Include="$(MSBuildThisFileDirectory)HyeonApplication.cpp">
      <Filter>Application</Filter>
    </ClCompile>
    <ClCompile Include="$(MSBuildThisFileDirectory)HyeonEntity.cpp">
      <Filter>Entity</Filter>
    </ClCompile>
    <ClCompile Include="$(MSBuildThisFileDirectory)HyeonGameObject.cpp">
      <Filter>GameObject</Filter>
    </ClCompile>
    <ClCompile Include="$(MSBuildThisFileDirectory)HyeonInput.cpp">
      <Filter>Input</Filter>
    </ClCompile>
    <ClCompile Include="$(MSBuildThisFileDirectory)HyeonScene.cpp">
      <Filter>Scene</Filter>
    </ClCompile>
    <ClCompile Include="$(MSBuildThisFileDirectory)HyeonSceneManager.cpp">
      <Filter>SceneManager</Filter>
    </ClCompile>
    <ClCompile Include="$(MSBuildThisFileDirectory)HyeonTime.cpp">
      <Filter>Time</Filter>
    </ClCompile>
    <ClCompile Include="$(MSBuildThisFileDirectory)HyeonComponent.cpp">
      <Filter>Component</Filter>
    </ClCompile>
    <ClCompile Include="$(MSBuildThisFileDirectory)HyeonTransform.cpp">
      <Filter>Transform</Filter>
    </ClCompile>
    <ClCompile Include="$(MSBuildThisFileDirectory)HyeonSpriteRenderer.cpp">
      <Filter>SpriteRenderer</Filter>
    </ClCompile>
    <ClCompile Include="$(MSBuildThisFileDirectory)HyeonMath.cpp">
      <Filter>Math</Filter>
    </ClCompile>
    <ClCompile Include="$(MSBuildThisFileDirectory)HyeonResources.cpp">
      <Filter>Resource</Filter>
    </ClCompile>
    <ClCompile Include="$(MSBuildThisFileDirectory)HyeonResource.cpp">
      <Filter>Resource</Filter>
    </ClCompile>
    <ClCompile Include="$(MSBuildThisFileDirectory)HyeonLayer.cpp">
      <Filter>Layer</Filter>
    </ClCompile>
    <ClCompile Include="$(MSBuildThisFileDirectory)HyeonTexture.cpp">
      <Filter>Texture</Filter>
    </ClCompile>
    <ClCompile Include="$(MSBuildThisFileDirectory)HyeonCamera.cpp">
      <Filter>Camera</Filter>
    </ClCompile>
    <ClCompile Include="$(MSBuildThisFileDirectory)HyeonRenderer.cpp">
      <Filter>Renderer</Filter>
    </ClCompile>
    <ClCompile Include="$(MSBuildThisFileDirectory)HyeonScript.cpp">
      <Filter>Script</Filter>
    </ClCompile>
    <ClCompile Include="$(MSBuildThisFileDirectory)HyeonAnimator.cpp">
      <Filter>Animator</Filter>
    </ClCompile>
    <ClCompile Include="$(MSBuildThisFileDirectory)HyeonAnimation.cpp">
      <Filter>Animation</Filter>
    </ClCompile>
  </ItemGroup>
  <ItemGroup>
    <ClInclude Include="$(MSBuildThisFileDirectory)CommonInclude.h" />
    <ClInclude Include="$(MSBuildThisFileDirectory)HyeonApplication.h">
      <Filter>Application</Filter>
    </ClInclude>
    <ClInclude Include="$(MSBuildThisFileDirectory)HyeonEntity.h">
      <Filter>Entity</Filter>
    </ClInclude>
    <ClInclude Include="$(MSBuildThisFileDirectory)HyeonGameObject.h">
      <Filter>GameObject</Filter>
    </ClInclude>
    <ClInclude Include="$(MSBuildThisFileDirectory)HyeonInput.h">
      <Filter>Input</Filter>
    </ClInclude>
    <ClInclude Include="$(MSBuildThisFileDirectory)HyeonScene.h">
      <Filter>Scene</Filter>
    </ClInclude>
    <ClInclude Include="$(MSBuildThisFileDirectory)HyeonSceneManager.h">
      <Filter>SceneManager</Filter>
    </ClInclude>
    <ClInclude Include="$(MSBuildThisFileDirectory)HyeonTime.h">
      <Filter>Time</Filter>
    </ClInclude>
    <ClInclude Include="$(MSBuildThisFileDirectory)HyeonComponent.h">
      <Filter>Component</Filter>
    </ClInclude>
    <ClInclude Include="$(MSBuildThisFileDirectory)HyeonTransform.h">
      <Filter>Transform</Filter>
    </ClInclude>
    <ClInclude Include="$(MSBuildThisFileDirectory)HyeonSpriteRenderer.h">
      <Filter>SpriteRenderer</Filter>
    </ClInclude>
    <ClInclude Include="$(MSBuildThisFileDirectory)HyeonMath.h">
      <Filter>Math</Filter>
    </ClInclude>
    <ClInclude Include="$(MSBuildThisFileDirectory)HyeonResource.h">
      <Filter>Resource</Filter>
    </ClInclude>
    <ClInclude Include="$(MSBuildThisFileDirectory)HyeonResources.h">
      <Filter>Resource</Filter>
    </ClInclude>
    <ClInclude Include="$(MSBuildThisFileDirectory)HyeonEnums.h" />
    <ClInclude Include="$(MSBuildThisFileDirectory)HyeonLayer.h">
      <Filter>Layer</Filter>
    </ClInclude>
    <ClInclude Include="$(MSBuildThisFileDirectory)HyeonObject.h" />
    <ClInclude Include="$(MSBuildThisFileDirectory)HyeonTexture.h">
      <Filter>Texture</Filter>
    </ClInclude>
    <ClInclude Include="$(MSBuildThisFileDirectory)HyeonCamera.h">
      <Filter>Camera</Filter>
    </ClInclude>
    <ClInclude Include="$(MSBuildThisFileDirectory)HyeonRenderer.h">
      <Filter>Renderer</Filter>
    </ClInclude>
    <ClInclude Include="$(MSBuildThisFileDirectory)HyeonScript.h">
      <Filter>Script</Filter>
    </ClInclude>
    <ClInclude Include="$(MSBuildThisFileDirectory)HyeonAnimator.h">
      <Filter>Animator</Filter>
    </ClInclude>
    <ClInclude Include="$(MSBuildThisFileDirectory)HyeonAnimation.h">
      <Filter>Animation</Filter>
    </ClInclude>
  </ItemGroup>
  <ItemGroup>
    <Filter Include="Application">
      <UniqueIdentifier>{05ecb040-8db2-43ac-9a30-14b6afb9ac5c}</UniqueIdentifier>
    </Filter>
    <Filter Include="Entity">
      <UniqueIdentifier>{a103b0db-ef85-44eb-85e1-c049ce0428cb}</UniqueIdentifier>
    </Filter>
    <Filter Include="GameObject">
      <UniqueIdentifier>{27e2e035-9e68-409f-99e6-8fc440a0e880}</UniqueIdentifier>
    </Filter>
    <Filter Include="Input">
      <UniqueIdentifier>{21809b11-e7d4-46b8-8ea6-baa8c7698186}</UniqueIdentifier>
    </Filter>
    <Filter Include="Scene">
      <UniqueIdentifier>{abccb359-2e8e-414d-a22e-815599733b7c}</UniqueIdentifier>
    </Filter>
    <Filter Include="SceneManager">
      <UniqueIdentifier>{2e25e4dd-377e-40f8-aaae-c98164c3fff4}</UniqueIdentifier>
    </Filter>
    <Filter Include="Time">
      <UniqueIdentifier>{98183449-abb2-436f-8c1c-9ec5c5a1b7d7}</UniqueIdentifier>
    </Filter>
    <Filter Include="Component">
      <UniqueIdentifier>{a64308c0-4758-4bcb-b046-784e1ee535a1}</UniqueIdentifier>
    </Filter>
    <Filter Include="Transform">
      <UniqueIdentifier>{e246ae73-e777-43d9-bc76-38dcabed7259}</UniqueIdentifier>
    </Filter>
    <Filter Include="SpriteRenderer">
      <UniqueIdentifier>{38749b42-f0c6-45b5-881a-b7090776b9ed}</UniqueIdentifier>
    </Filter>
    <Filter Include="Math">
      <UniqueIdentifier>{5b4895cb-01f1-4213-a43f-7f36f82bff06}</UniqueIdentifier>
    </Filter>
    <Filter Include="Resource">
      <UniqueIdentifier>{93cdef86-cd44-4fd3-9ed3-beb569f91b69}</UniqueIdentifier>
    </Filter>
    <Filter Include="Layer">
      <UniqueIdentifier>{4b95d2af-bc4f-45eb-8a1f-022b52738023}</UniqueIdentifier>
    </Filter>
    <Filter Include="Texture">
      <UniqueIdentifier>{b0115f63-2533-49ee-82d7-050f541cd66e}</UniqueIdentifier>
    </Filter>
    <Filter Include="Camera">
      <UniqueIdentifier>{8e70b966-826c-4496-b792-9a94647b1fb6}</UniqueIdentifier>
    </Filter>
    <Filter Include="Renderer">
      <UniqueIdentifier>{b2d088a1-9cad-46cb-96b8-c02ab63ae686}</UniqueIdentifier>
    </Filter>
    <Filter Include="Script">
      <UniqueIdentifier>{7186f67f-9921-4603-8f16-124e98421698}</UniqueIdentifier>
    </Filter>
    <Filter Include="Animator">
      <UniqueIdentifier>{975b8473-8214-48d4-be0d-bca6b74eef4d}</UniqueIdentifier>
    </Filter>
    <Filter Include="Animation">
      <UniqueIdentifier>{56f219f5-4f93-4739-aed4-748089c53322}</UniqueIdentifier>
    </Filter>
  </ItemGroup>
</Project>