<?xml version="1.0" encoding="utf-8"?>
<Project ToolsVersion="4.0" xmlns="http://schemas.microsoft.com/developer/msbuild/2003">
  <ItemGroup>
    <ClInclude Include="HyeonLoadScenes.h" />
    <ClInclude Include="HyeonForestScene.h">
      <Filter>ForestScene</Filter>
    </ClInclude>
    <ClInclude Include="HyeonPlayer.h">
      <Filter>Player</Filter>
    </ClInclude>
    <ClInclude Include="HyeonTitleScene.h">
      <Filter>TitleScene</Filter>
    </ClInclude>
    <ClInclude Include="HyeonBattlePlayerScript.h">
      <Filter>PlayerScript</Filter>
    </ClInclude>
    <ClInclude Include="HyeonMonster.h">
      <Filter>Monster</Filter>
    </ClInclude>
    <ClInclude Include="HyeonMonsterScript.h">
      <Filter>MonsterScript</Filter>
    </ClInclude>
    <ClInclude Include="HyeonForestBattleScene.h">
      <Filter>BattleScene</Filter>
    </ClInclude>
    <ClInclude Include="HyeonMovePlayerScript.h">
      <Filter>PlayerScript</Filter>
    </ClInclude>
    <ClInclude Include="HyeonBattleGreenImpScript.h">
      <Filter>MonsterScript</Filter>
    </ClInclude>
    <ClInclude Include="HyeonLoadResources.h" />
    <ClInclude Include="HyeonTile.h">
      <Filter>Tile</Filter>
    </ClInclude>
    <ClInclude Include="HyeonToolScene.h">
      <Filter>ToolScene</Filter>
    </ClInclude>
    <ClInclude Include="HyeonCameraScript.h">
      <Filter>CameraScript</Filter>
    </ClInclude>
    <ClInclude Include="HyeonMtWoeScene.h">
      <Filter>MtWoeScene</Filter>
    </ClInclude>
    <ClInclude Include="HyeonForestBattleChrono.h">
      <Filter>PlayerScript</Filter>
    </ClInclude>
    <ClInclude Include="HyeonForestBattleAyla.h">
      <Filter>PlayerScript</Filter>
    </ClInclude>
    <ClInclude Include="HyeonForestBattleRobo.h">
      <Filter>PlayerScript</Filter>
    </ClInclude>
  </ItemGroup>
  <ItemGroup>
    <ClCompile Include="HyeonForestScene.cpp">
      <Filter>ForestScene</Filter>
    </ClCompile>
    <ClCompile Include="HyeonPlayer.cpp">
      <Filter>Player</Filter>
    </ClCompile>
    <ClCompile Include="HyeonTitleScene.cpp">
      <Filter>TitleScene</Filter>
    </ClCompile>
    <ClCompile Include="HyeonBattlePlayerScript.cpp">
      <Filter>PlayerScript</Filter>
    </ClCompile>
    <ClCompile Include="HyeonMonster.cpp">
      <Filter>Monster</Filter>
    </ClCompile>
    <ClCompile Include="HyeonMonsterScript.cpp">
      <Filter>MonsterScript</Filter>
    </ClCompile>
    <ClCompile Include="HyeonForestBattleScene.cpp">
      <Filter>BattleScene</Filter>
    </ClCompile>
    <ClCompile Include="HyeonMovePlayerScript.cpp">
      <Filter>PlayerScript</Filter>
    </ClCompile>
    <ClCompile Include="HyeonBattleGreenImpScript.cpp">
      <Filter>MonsterScript</Filter>
    </ClCompile>
    <ClCompile Include="HyeonTile.cpp">
      <Filter>Tile</Filter>
    </ClCompile>
    <ClCompile Include="HyeonToolScene.cpp">
      <Filter>ToolScene</Filter>
    </ClCompile>
    <ClCompile Include="HyeonCameraScript.cpp">
      <Filter>CameraScript</Filter>
    </ClCompile>
    <ClCompile Include="HyeonMtWoeScene.cpp">
      <Filter>MtWoeScene</Filter>
    </ClCompile>
    <ClCompile Include="HyeonForestBattleChrono.cpp">
      <Filter>PlayerScript</Filter>
    </ClCompile>
    <ClCompile Include="HyeonForestBattleAyla.cpp">
      <Filter>PlayerScript</Filter>
    </ClCompile>
    <ClCompile Include="HyeonForestBattleRobo.cpp">
      <Filter>PlayerScript</Filter>
    </ClCompile>
  </ItemGroup>
  <ItemGroup>
    <Filter Include="Player">
      <UniqueIdentifier>{276d15dd-4948-45a7-bd5c-9e490058af25}</UniqueIdentifier>
    </Filter>
    <Filter Include="TitleScene">
      <UniqueIdentifier>{86f509b9-cc0a-4aa5-a570-f6fc12c25721}</UniqueIdentifier>
    </Filter>
    <Filter Include="Monster">
      <UniqueIdentifier>{80da8c2e-1885-4ed7-a42b-340a17b5e6c9}</UniqueIdentifier>
    </Filter>
    <Filter Include="MonsterScript">
      <UniqueIdentifier>{142d31c2-b4de-4445-bb08-7111827902a6}</UniqueIdentifier>
    </Filter>
    <Filter Include="BattleScene">
      <UniqueIdentifier>{e751a363-c4da-4426-b26b-276f54e0122e}</UniqueIdentifier>
    </Filter>
    <Filter Include="Tile">
      <UniqueIdentifier>{8823726c-f954-468a-b1ea-d4bde5d86d8b}</UniqueIdentifier>
    </Filter>
    <Filter Include="ToolScene">
      <UniqueIdentifier>{d1485002-d0fd-4552-bc05-3c2855db0abd}</UniqueIdentifier>
    </Filter>
    <Filter Include="CameraScript">
      <UniqueIdentifier>{313e86f5-a3b5-4877-a8b5-777689667581}</UniqueIdentifier>
    </Filter>
    <Filter Include="ForestScene">
      <UniqueIdentifier>{39250163-79fb-4864-ab0c-336dc921dd8b}</UniqueIdentifier>
    </Filter>
    <Filter Include="MtWoeScene">
      <UniqueIdentifier>{770978a1-db13-4e2f-92f9-d4b01682fc94}</UniqueIdentifier>
    </Filter>
    <Filter Include="PlayerScript">
      <UniqueIdentifier>{c654ddbe-07a4-4261-b3ce-3c4d1e8bb8a5}</UniqueIdentifier>
    </Filter>
  </ItemGroup>
</Project>